
Microsoft Visual Studio Solution File, Format Version 12.00
# Visual Studio Version 16
VisualStudioVersion = 16.0.30011.22
MinimumVisualStudioVersion = 10.0.40219.1
Project("{FAE04EC0-301F-11D3-BF4B-00C04F79EFBC}") = "RemnantESP", "RemnantESP\RemnantESP.csproj", "{79DA8EEC-502C-4046-AD35-B65C4E10AB36}"
EndProject
Global
	GlobalSection(SolutionConfigurationPlatforms) = preSolution
		Debug|x64 = Debug|x64
		Release|x64 = Release|x64
	EndGlobalSection
	GlobalSection(ProjectConfigurationPlatforms) = postSolution
		{79DA8EEC-502C-4046-AD35-B65C4E10AB36}.Debug|x64.ActiveCfg = Debug|x64
		{79DA8EEC-502C-4046-AD35-B65C4E10AB36}.Debug|x64.Build.0 = Debug|x64
		{79DA8EEC-502C-4046-AD35-B65C4E10AB36}.Release|x64.ActiveCfg = Release|x64
		{79DA8EEC-502C-4046-AD35-B65C4E10AB36}.Release|x64.Build.0 = Release|x64
	EndGlobalSection
	GlobalSection(SolutionProperties) = preSolution
		HideSolutionNode = FALSE
	EndGlobalSection
	GlobalSection(ExtensibilityGlobals) = postSolution
		SolutionGuid = {3C1705E4-54FE-42F2-8B8F-26C803607BE1}
	EndGlobalSection
EndGlobal
